
Microsoft Visual Studio Solution File, Format Version 12.00
# Visual Studio Version 17
VisualStudioVersion = 17.10.35122.118
MinimumVisualStudioVersion = 10.0.40219.1
Project("{9A19103F-16F7-4668-BE54-9A1E7A4F7556}") = "DotWriteCommandSample", "DotCommandSample\DotWriteCommandSample.csproj", "{6155AC4A-AFF1-4153-8281-7E0EE39B6E78}"
EndProject
Project("{9A19103F-16F7-4668-BE54-9A1E7A4F7556}") = "FeedbackLoopSample", "TwoWayCommSample\FeedbackLoopSample.csproj", "{780B7503-352C-4928-8FFC-7EF073C2CA4A}"
EndProject
Project("{9A19103F-16F7-4668-BE54-9A1E7A4F7556}") = "TrackPlayerSample", "TrackPlayerSample\TrackPlayerSample.csproj", "{FC0404FB-E607-448F-9A00-D822B8D011D4}"
EndProject
Project("{9A19103F-16F7-4668-BE54-9A1E7A4F7556}") = "LowLevelSample", "LowLevelSample\LowLevelSample.csproj", "{C175CD44-BF09-4759-83D4-9E4E30B8A535}"
EndProject
Global
	GlobalSection(SolutionConfigurationPlatforms) = preSolution
		Debug|Any CPU = Debug|Any CPU
		Release|Any CPU = Release|Any CPU
	EndGlobalSection
	GlobalSection(ProjectConfigurationPlatforms) = postSolution
		{6155AC4A-AFF1-4153-8281-7E0EE39B6E78}.Debug|Any CPU.ActiveCfg = Debug|Any CPU
		{6155AC4A-AFF1-4153-8281-7E0EE39B6E78}.Debug|Any CPU.Build.0 = Debug|Any CPU
		{6155AC4A-AFF1-4153-8281-7E0EE39B6E78}.Release|Any CPU.ActiveCfg = Release|Any CPU
		{6155AC4A-AFF1-4153-8281-7E0EE39B6E78}.Release|Any CPU.Build.0 = Release|Any CPU
		{780B7503-352C-4928-8FFC-7EF073C2CA4A}.Debug|Any CPU.ActiveCfg = Debug|Any CPU
		{780B7503-352C-4928-8FFC-7EF073C2CA4A}.Debug|Any CPU.Build.0 = Debug|Any CPU
		{780B7503-352C-4928-8FFC-7EF073C2CA4A}.Release|Any CPU.ActiveCfg = Release|Any CPU
		{780B7503-352C-4928-8FFC-7EF073C2CA4A}.Release|Any CPU.Build.0 = Release|Any CPU
		{FC0404FB-E607-448F-9A00-D822B8D011D4}.Debug|Any CPU.ActiveCfg = Debug|Any CPU
		{FC0404FB-E607-448F-9A00-D822B8D011D4}.Debug|Any CPU.Build.0 = Debug|Any CPU
		{FC0404FB-E607-448F-9A00-D822B8D011D4}.Release|Any CPU.ActiveCfg = Release|Any CPU
		{FC0404FB-E607-448F-9A00-D822B8D011D4}.Release|Any CPU.Build.0 = Release|Any CPU
		{C175CD44-BF09-4759-83D4-9E4E30B8A535}.Debug|Any CPU.ActiveCfg = Debug|Any CPU
		{C175CD44-BF09-4759-83D4-9E4E30B8A535}.Debug|Any CPU.Build.0 = Debug|Any CPU
		{C175CD44-BF09-4759-83D4-9E4E30B8A535}.Release|Any CPU.ActiveCfg = Release|Any CPU
		{C175CD44-BF09-4759-83D4-9E4E30B8A535}.Release|Any CPU.Build.0 = Release|Any CPU
	EndGlobalSection
	GlobalSection(SolutionProperties) = preSolution
		HideSolutionNode = FALSE
	EndGlobalSection
	GlobalSection(ExtensibilityGlobals) = postSolution
		SolutionGuid = {A646A594-1285-4866-930C-46D140E35FA8}
	EndGlobalSection
EndGlobal
